{
  "name": "in-employee-reports",
  "version": "3.0.0",
  "lockfileVersion": 3,
  "requires": true,
  "packages": {
    "": {
      "name": "in-employee-reports",
      "version": "3.0.0",
      "license": "GPL-2.0-or-later",
      "dependencies": {
        "ag-grid-community": "^31.3.4"
      }
    },
    "node_modules/ag-grid-community": {
      "version": "31.3.4",
      "resolved": "https://registry.npmjs.org/ag-grid-community/-/ag-grid-community-31.3.4.tgz",
      "integrity": "sha512-jOxQO86C6eLnk1GdP24HB6aqaouFzMWizgfUwNY5MnetiWzz9ZaAmOGSnW/XBvdjXvC5Fpk3gSbvVKKQ7h9kBw==",
      "license": "MIT"
    }
  }
}
